// !$*UTF8*$!
{
	archiveVersion = 1;
	classes = {
	};
	objectVersion = 56;
	objects = {

/* Begin PBXBuildFile section */
		D1C5B6DF29DD2942009EC633 /* ContentView.swift in Sources */ = {isa = PBXBuildFile; fileRef = D1C5B6DE29DD2942009EC633 /* ContentView.swift */; };
		D1C5B6E129DF7A95009EC633 /* WallState.swift in Sources */ = {isa = PBXBuildFile; fileRef = D1C5B6E029DF7A95009EC633 /* WallState.swift */; };
		D1E0652D29BE841900B3BC7F /* HoldViewDelegate.swift in Sources */ = {isa = PBXBuildFile; fileRef = D1E0652C29BE841900B3BC7F /* HoldViewDelegate.swift */; };
		D1F06EF629B69B6700C65DAD /* AppDelegate.swift in Sources */ = {isa = PBXBuildFile; fileRef = D1F06EF529B69B6700C65DAD /* AppDelegate.swift */; };
		D1F06EF829B69B6700C65DAD /* SceneDelegate.swift in Sources */ = {isa = PBXBuildFile; fileRef = D1F06EF729B69B6700C65DAD /* SceneDelegate.swift */; };
		D1F06EFA29B69B6700C65DAD /* FolderListView.swift in Sources */ = {isa = PBXBuildFile; fileRef = D1F06EF929B69B6700C65DAD /* FolderListView.swift */; };
		D1F06EFF29B69B6900C65DAD /* Assets.xcassets in Resources */ = {isa = PBXBuildFile; fileRef = D1F06EFE29B69B6900C65DAD /* Assets.xcassets */; };
		D1F06F0229B69B6900C65DAD /* LaunchScreen.storyboard in Resources */ = {isa = PBXBuildFile; fileRef = D1F06F0029B69B6900C65DAD /* LaunchScreen.storyboard */; };
		D1F06F0A29B69CA900C65DAD /* Folder.swift in Sources */ = {isa = PBXBuildFile; fileRef = D1F06F0929B69CA900C65DAD /* Folder.swift */; };
		D1F06F0C29B825DE00C65DAD /* HoldGroupView.swift in Sources */ = {isa = PBXBuildFile; fileRef = D1F06F0B29B825DE00C65DAD /* HoldGroupView.swift */; };
		D1F06F0E29B82B6000C65DAD /* WallView.swift in Sources */ = {isa = PBXBuildFile; fileRef = D1F06F0D29B82B6000C65DAD /* WallView.swift */; };
/* End PBXBuildFile section */

/* Begin PBXFileReference section */
		D1C5B6DE29DD2942009EC633 /* ContentView.swift */ = {isa = PBXFileReference; lastKnownFileType = sourcecode.swift; path = ContentView.swift; sourceTree = "<group>"; };
		D1C5B6E029DF7A95009EC633 /* WallState.swift */ = {isa = PBXFileReference; lastKnownFileType = sourcecode.swift; path = WallState.swift; sourceTree = "<group>"; };
		D1E0652C29BE841900B3BC7F /* HoldViewDelegate.swift */ = {isa = PBXFileReference; lastKnownFileType = sourcecode.swift; path = HoldViewDelegate.swift; sourceTree = "<group>"; };
		D1F06EF229B69B6700C65DAD /* ClimbCraft.app */ = {isa = PBXFileReference; explicitFileType = wrapper.application; includeInIndex = 0; path = ClimbCraft.app; sourceTree = BUILT_PRODUCTS_DIR; };
		D1F06EF529B69B6700C65DAD /* AppDelegate.swift */ = {isa = PBXFileReference; lastKnownFileType = sourcecode.swift; path = AppDelegate.swift; sourceTree = "<group>"; };
		D1F06EF729B69B6700C65DAD /* SceneDelegate.swift */ = {isa = PBXFileReference; lastKnownFileType = sourcecode.swift; path = SceneDelegate.swift; sourceTree = "<group>"; };
		D1F06EF929B69B6700C65DAD /* FolderListView.swift */ = {isa = PBXFileReference; lastKnownFileType = sourcecode.swift; path = FolderListView.swift; sourceTree = "<group>"; };
		D1F06EFE29B69B6900C65DAD /* Assets.xcassets */ = {isa = PBXFileReference; lastKnownFileType = folder.assetcatalog; path = Assets.xcassets; sourceTree = "<group>"; };
		D1F06F0129B69B6900C65DAD /* Base */ = {isa = PBXFileReference; lastKnownFileType = file.storyboard; name = Base; path = Base.lproj/LaunchScreen.storyboard; sourceTree = "<group>"; };
		D1F06F0329B69B6900C65DAD /* Info.plist */ = {isa = PBXFileReference; lastKnownFileType = text.plist.xml; path = Info.plist; sourceTree = "<group>"; };
		D1F06F0929B69CA900C65DAD /* Folder.swift */ = {isa = PBXFileReference; lastKnownFileType = sourcecode.swift; path = Folder.swift; sourceTree = "<group>"; };
		D1F06F0B29B825DE00C65DAD /* HoldGroupView.swift */ = {isa = PBXFileReference; lastKnownFileType = sourcecode.swift; path = HoldGroupView.swift; sourceTree = "<group>"; };
		D1F06F0D29B82B6000C65DAD /* WallView.swift */ = {isa = PBXFileReference; lastKnownFileType = sourcecode.swift; path = WallView.swift; sourceTree = "<group>"; };
/* End PBXFileReference section */

/* Begin PBXFrameworksBuildPhase section */
		D1F06EEF29B69B6700C65DAD /* Frameworks */ = {
			isa = PBXFrameworksBuildPhase;
			buildActionMask = 2147483647;
			files = (
			);
			runOnlyForDeploymentPostprocessing = 0;
		};
/* End PBXFrameworksBuildPhase section */

/* Begin PBXGroup section */
		D1F06EE929B69B6700C65DAD = {
			isa = PBXGroup;
			children = (
				D1C5B6E029DF7A95009EC633 /* WallState.swift */,
				D1C5B6DE29DD2942009EC633 /* ContentView.swift */,
				D1E0652C29BE841900B3BC7F /* HoldViewDelegate.swift */,
				D1F06F0D29B82B6000C65DAD /* WallView.swift */,
				D1F06F0B29B825DE00C65DAD /* HoldGroupView.swift */,
				D1F06F0929B69CA900C65DAD /* Folder.swift */,
				D1F06EF429B69B6700C65DAD /* ClimbCraft */,
				D1F06EF329B69B6700C65DAD /* Products */,
			);
			sourceTree = "<group>";
		};
		D1F06EF329B69B6700C65DAD /* Products */ = {
			isa = PBXGroup;
			children = (
				D1F06EF229B69B6700C65DAD /* ClimbCraft.app */,
			);
			name = Products;
			sourceTree = "<group>";
		};
		D1F06EF429B69B6700C65DAD /* ClimbCraft */ = {
			isa = PBXGroup;
			children = (
				D1F06EF529B69B6700C65DAD /* AppDelegate.swift */,
				D1F06EF729B69B6700C65DAD /* SceneDelegate.swift */,
				D1F06EF929B69B6700C65DAD /* FolderListView.swift */,
				D1F06EFE29B69B6900C65DAD /* Assets.xcassets */,
				D1F06F0029B69B6900C65DAD /* LaunchScreen.storyboard */,
				D1F06F0329B69B6900C65DAD /* Info.plist */,
			);
			path = ClimbCraft;
			sourceTree = "<group>";
		};
/* End PBXGroup section */

/* Begin PBXNativeTarget section */
		D1F06EF129B69B6700C65DAD /* ClimbCraft */ = {
			isa = PBXNativeTarget;
			buildConfigurationList = D1F06F0629B69B6900C65DAD /* Build configuration list for PBXNativeTarget "ClimbCraft" */;
			buildPhases = (
				D1F06EEE29B69B6700C65DAD /* Sources */,
				D1F06EEF29B69B6700C65DAD /* Frameworks */,
				D1F06EF029B69B6700C65DAD /* Resources */,
			);
			buildRules = (
			);
			dependencies = (
			);
			name = ClimbCraft;
			productName = ClimbCraft;
			productReference = D1F06EF229B69B6700C65DAD /* ClimbCraft.app */;
			productType = "com.apple.product-type.application";
		};
/* End PBXNativeTarget section */

/* Begin PBXProject section */
		D1F06EEA29B69B6700C65DAD /* Project object */ = {
			isa = PBXProject;
			attributes = {
				BuildIndependentTargetsInParallel = 1;
				LastSwiftUpdateCheck = 1420;
				LastUpgradeCheck = 1420;
				TargetAttributes = {
					D1F06EF129B69B6700C65DAD = {
						CreatedOnToolsVersion = 14.2;
					};
				};
			};
			buildConfigurationList = D1F06EED29B69B6700C65DAD /* Build configuration list for PBXProject "ClimbCraft" */;
			compatibilityVersion = "Xcode 14.0";
			developmentRegion = en;
			hasScannedForEncodings = 0;
			knownRegions = (
				en,
				Base,
			);
			mainGroup = D1F06EE929B69B6700C65DAD;
			productRefGroup = D1F06EF329B69B6700C65DAD /* Products */;
			projectDirPath = "";
			projectRoot = "";
			targets = (
				D1F06EF129B69B6700C65DAD /* ClimbCraft */,
			);
		};
/* End PBXProject section */

/* Begin PBXResourcesBuildPhase section */
		D1F06EF029B69B6700C65DAD /* Resources */ = {
			isa = PBXResourcesBuildPhase;
			buildActionMask = 2147483647;
			files = (
				D1F06F0229B69B6900C65DAD /* LaunchScreen.storyboard in Resources */,
				D1F06EFF29B69B6900C65DAD /* Assets.xcassets in Resources */,
			);
			runOnlyForDeploymentPostprocessing = 0;
		};
/* End PBXResourcesBuildPhase section */

/* Begin PBXSourcesBuildPhase section */
		D1F06EEE29B69B6700C65DAD /* Sources */ = {
			isa = PBXSourcesBuildPhase;
			buildActionMask = 2147483647;
			files = (
				D1F06F0E29B82B6000C65DAD /* WallView.swift in Sources */,
				D1C5B6E129DF7A95009EC633 /* WallState.swift in Sources */,
				D1F06EFA29B69B6700C65DAD /* FolderListView.swift in Sources */,
				D1C5B6DF29DD2942009EC633 /* ContentView.swift in Sources */,
				D1E0652D29BE841900B3BC7F /* HoldViewDelegate.swift in Sources */,
				D1F06EF629B69B6700C65DAD /* AppDelegate.swift in Sources */,
				D1F06EF829B69B6700C65DAD /* SceneDelegate.swift in Sources */,
				D1F06F0C29B825DE00C65DAD /* HoldGroupView.swift in Sources */,
				D1F06F0A29B69CA900C65DAD /* Folder.swift in Sources */,
			);
			runOnlyForDeploymentPostprocessing = 0;
		};
/* End PBXSourcesBuildPhase section */

/* Begin PBXVariantGroup section */
		D1F06F0029B69B6900C65DAD /* LaunchScreen.storyboard */ = {
			isa = PBXVariantGroup;
			children = (
				D1F06F0129B69B6900C65DAD /* Base */,
			);
			name = LaunchScreen.storyboard;
			sourceTree = "<group>";
		};
/* End PBXVariantGroup section */

/* Begin XCBuildConfiguration section */
		D1F06F0429B69B6900C65DAD /* Debug */ = {
			isa = XCBuildConfiguration;
			buildSettings = {
				ALWAYS_SEARCH_USER_PATHS = NO;
				CLANG_ANALYZER_NONNULL = YES;
				CLANG_ANALYZER_NUMBER_OBJECT_CONVERSION = YES_AGGRESSIVE;
				CLANG_CXX_LANGUAGE_STANDARD = "gnu++20";
				CLANG_ENABLE_MODULES = YES;
				CLANG_ENABLE_OBJC_ARC = YES;
				CLANG_ENABLE_OBJC_WEAK = YES;
				CLANG_WARN_BLOCK_CAPTURE_AUTORELEASING = YES;
				CLANG_WARN_BOOL_CONVERSION = YES;
				CLANG_WARN_COMMA = YES;
				CLANG_WARN_CONSTANT_CONVERSION = YES;
				CLANG_WARN_DEPRECATED_OBJC_IMPLEMENTATIONS = YES;
				CLANG_WARN_DIRECT_OBJC_ISA_USAGE = YES_ERROR;
				CLANG_WARN_DOCUMENTATION_COMMENTS = YES;
				CLANG_WARN_EMPTY_BODY = YES;
				CLANG_WARN_ENUM_CONVERSION = YES;
				CLANG_WARN_INFINITE_RECURSION = YES;
				CLANG_WARN_INT_CONVERSION = YES;
				CLANG_WARN_NON_LITERAL_NULL_CONVERSION = YES;
				CLANG_WARN_OBJC_IMPLICIT_RETAIN_SELF = YES;
				CLANG_WARN_OBJC_LITERAL_CONVERSION = YES;
				CLANG_WARN_OBJC_ROOT_CLASS = YES_ERROR;
				CLANG_WARN_QUOTED_INCLUDE_IN_FRAMEWORK_HEADER = YES;
				CLANG_WARN_RANGE_LOOP_ANALYSIS = YES;
				CLANG_WARN_STRICT_PROTOTYPES = YES;
				CLANG_WARN_SUSPICIOUS_MOVE = YES;
				CLANG_WARN_UNGUARDED_AVAILABILITY = YES_AGGRESSIVE;
				CLANG_WARN_UNREACHABLE_CODE = YES;
				CLANG_WARN__DUPLICATE_METHOD_MATCH = YES;
				COPY_PHASE_STRIP = NO;
				DEBUG_INFORMATION_FORMAT = dwarf;
				ENABLE_STRICT_OBJC_MSGSEND = YES;
				ENABLE_TESTABILITY = YES;
				GCC_C_LANGUAGE_STANDARD = gnu11;
				GCC_DYNAMIC_NO_PIC = NO;
				GCC_NO_COMMON_BLOCKS = YES;
				GCC_OPTIMIZATION_LEVEL = 0;
				GCC_PREPROCESSOR_DEFINITIONS = (
					"DEBUG=1",
					"$(inherited)",
				);
				GCC_WARN_64_TO_32_BIT_CONVERSION = YES;
				GCC_WARN_ABOUT_RETURN_TYPE = YES_ERROR;
				GCC_WARN_UNDECLARED_SELECTOR = YES;
				GCC_WARN_UNINITIALIZED_AUTOS = YES_AGGRESSIVE;
				GCC_WARN_UNUSED_FUNCTION = YES;
				GCC_WARN_UNUSED_VARIABLE = YES;
				IPHONEOS_DEPLOYMENT_TARGET = 16.2;
				MTL_ENABLE_DEBUG_INFO = INCLUDE_SOURCE;
				MTL_FAST_MATH = YES;
				ONLY_ACTIVE_ARCH = YES;
				SDKROOT = iphoneos;
				SWIFT_ACTIVE_COMPILATION_CONDITIONS = DEBUG;
				SWIFT_OPTIMIZATION_LEVEL = "-Onone";
			};
			name = Debug;
		};
		D1F06F0529B69B6900C65DAD /* Release */ = {
			isa = XCBuildConfiguration;
			buildSettings = {
				ALWAYS_SEARCH_USER_PATHS = NO;
				CLANG_ANALYZER_NONNULL = YES;
				CLANG_ANALYZER_NUMBER_OBJECT_CONVERSION = YES_AGGRESSIVE;
				CLANG_CXX_LANGUAGE_STANDARD = "gnu++20";
				CLANG_ENABLE_MODULES = YES;
				CLANG_ENABLE_OBJC_ARC = YES;
				CLANG_ENABLE_OBJC_WEAK = YES;
				CLANG_WARN_BLOCK_CAPTURE_AUTORELEASING = YES;
				CLANG_WARN_BOOL_CONVERSION = YES;
				CLANG_WARN_COMMA = YES;
				CLANG_WARN_CONSTANT_CONVERSION = YES;
				CLANG_WARN_DEPRECATED_OBJC_IMPLEMENTATIONS = YES;
				CLANG_WARN_DIRECT_OBJC_ISA_USAGE = YES_ERROR;
				CLANG_WARN_DOCUMENTATION_COMMENTS = YES;
				CLANG_WARN_EMPTY_BODY = YES;
				CLANG_WARN_ENUM_CONVERSION = YES;
				CLANG_WARN_INFINITE_RECURSION = YES;
				CLANG_WARN_INT_CONVERSION = YES;
				CLANG_WARN_NON_LITERAL_NULL_CONVERSION = YES;
				CLANG_WARN_OBJC_IMPLICIT_RETAIN_SELF = YES;
				CLANG_WARN_OBJC_LITERAL_CONVERSION = YES;
				CLANG_WARN_OBJC_ROOT_CLASS = YES_ERROR;
				CLANG_WARN_QUOTED_INCLUDE_IN_FRAMEWORK_HEADER = YES;
				CLANG_WARN_RANGE_LOOP_ANALYSIS = YES;
				CLANG_WARN_STRICT_PROTOTYPES = YES;
				CLANG_WARN_SUSPICIOUS_MOVE = YES;
				CLANG_WARN_UNGUARDED_AVAILABILITY = YES_AGGRESSIVE;
				CLANG_WARN_UNREACHABLE_CODE = YES;
				CLANG_WARN__DUPLICATE_METHOD_MATCH = YES;
				COPY_PHASE_STRIP = NO;
				DEBUG_INFORMATION_FORMAT = "dwarf-with-dsym";
				ENABLE_NS_ASSERTIONS = NO;
				ENABLE_STRICT_OBJC_MSGSEND = YES;
				GCC_C_LANGUAGE_STANDARD = gnu11;
				GCC_NO_COMMON_BLOCKS = YES;
				GCC_WARN_64_TO_32_BIT_CONVERSION = YES;
				GCC_WARN_ABOUT_RETURN_TYPE = YES_ERROR;
				GCC_WARN_UNDECLARED_SELECTOR = YES;
				GCC_WARN_UNINITIALIZED_AUTOS = YES_AGGRESSIVE;
				GCC_WARN_UNUSED_FUNCTION = YES;
				GCC_WARN_UNUSED_VARIABLE = YES;
				IPHONEOS_DEPLOYMENT_TARGET = 16.2;
				MTL_ENABLE_DEBUG_INFO = NO;
				MTL_FAST_MATH = YES;
				SDKROOT = iphoneos;
				SWIFT_COMPILATION_MODE = wholemodule;
				SWIFT_OPTIMIZATION_LEVEL = "-O";
				VALIDATE_PRODUCT = YES;
			};
			name = Release;
		};
		D1F06F0729B69B6900C65DAD /* Debug */ = {
			isa = XCBuildConfiguration;
			buildSettings = {
				ASSETCATALOG_COMPILER_APPICON_NAME = AppIcon;
				ASSETCATALOG_COMPILER_GLOBAL_ACCENT_COLOR_NAME = AccentColor;
				CODE_SIGN_STYLE = Automatic;
				CURRENT_PROJECT_VERSION = 1;
				DEVELOPMENT_TEAM = S26789WB7C;
				GENERATE_INFOPLIST_FILE = YES;
				INFOPLIST_FILE = ClimbCraft/Info.plist;
				INFOPLIST_KEY_UIApplicationSupportsIndirectInputEvents = YES;
				INFOPLIST_KEY_UILaunchStoryboardName = LaunchScreen;
				INFOPLIST_KEY_UISupportedInterfaceOrientations_iPad = "UIInterfaceOrientationPortrait UIInterfaceOrientationPortraitUpsideDown UIInterfaceOrientationLandscapeLeft UIInterfaceOrientationLandscapeRight";
				INFOPLIST_KEY_UISupportedInterfaceOrientations_iPhone = "UIInterfaceOrientationPortrait UIInterfaceOrientationLandscapeLeft UIInterfaceOrientationLandscapeRight";
				LD_RUNPATH_SEARCH_PATHS = (
					"$(inherited)",
					"@executable_path/Frameworks",
				);
				MARKETING_VERSION = 1.0;
				PRODUCT_BUNDLE_IDENTIFIER = "Benny-Kuttler.ClimbCraft";
				PRODUCT_NAME = "$(TARGET_NAME)";
				SWIFT_EMIT_LOC_STRINGS = YES;
				SWIFT_VERSION = 5.0;
				TARGETED_DEVICE_FAMILY = "1,2";
			};
			name = Debug;
		};
		D1F06F0829B69B6900C65DAD /* Release */ = {
			isa = XCBuildConfiguration;
			buildSettings = {
				ASSETCATALOG_COMPILER_APPICON_NAME = AppIcon;
				ASSETCATALOG_COMPILER_GLOBAL_ACCENT_COLOR_NAME = AccentColor;
				CODE_SIGN_STYLE = Automatic;
				CURRENT_PROJECT_VERSION = 1;
				DEVELOPMENT_TEAM = S26789WB7C;
				GENERATE_INFOPLIST_FILE = YES;
				INFOPLIST_FILE = ClimbCraft/Info.plist;
				INFOPLIST_KEY_UIApplicationSupportsIndirectInputEvents = YES;
				INFOPLIST_KEY_UILaunchStoryboardName = LaunchScreen;
				INFOPLIST_KEY_UISupportedInterfaceOrientations_iPad = "UIInterfaceOrientationPortrait UIInterfaceOrientationPortraitUpsideDown UIInterfaceOrientationLandscapeLeft UIInterfaceOrientationLandscapeRight";
				INFOPLIST_KEY_UISupportedInterfaceOrientations_iPhone = "UIInterfaceOrientationPortrait UIInterfaceOrientationLandscapeLeft UIInterfaceOrientationLandscapeRight";
				LD_RUNPATH_SEARCH_PATHS = (
					"$(inherited)",
					"@executable_path/Frameworks",
				);
				MARKETING_VERSION = 1.0;
				PRODUCT_BUNDLE_IDENTIFIER = "Benny-Kuttler.ClimbCraft";
				PRODUCT_NAME = "$(TARGET_NAME)";
				SWIFT_EMIT_LOC_STRINGS = YES;
				SWIFT_VERSION = 5.0;
				TARGETED_DEVICE_FAMILY = "1,2";
			};
			name = Release;
		};
/* End XCBuildConfiguration section */

/* Begin XCConfigurationList section */
		D1F06EED29B69B6700C65DAD /* Build configuration list for PBXProject "ClimbCraft" */ = {
			isa = XCConfigurationList;
			buildConfigurations = (
				D1F06F0429B69B6900C65DAD /* Debug */,
				D1F06F0529B69B6900C65DAD /* Release */,
			);
			defaultConfigurationIsVisible = 0;
			defaultConfigurationName = Release;
		};
		D1F06F0629B69B6900C65DAD /* Build configuration list for PBXNativeTarget "ClimbCraft" */ = {
			isa = XCConfigurationList;
			buildConfigurations = (
				D1F06F0729B69B6900C65DAD /* Debug */,
				D1F06F0829B69B6900C65DAD /* Release */,
			);
			defaultConfigurationIsVisible = 0;
			defaultConfigurationName = Release;
		};
/* End XCConfigurationList section */
	};
	rootObject = D1F06EEA29B69B6700C65DAD /* Project object */;
}
